
Microsoft Visual Studio Solution File, Format Version 12.00
# Visual Studio Version 16
VisualStudioVersion = 25.0.1703.3
MinimumVisualStudioVersion = 10.0.40219.1
Project("{FAE04EC0-301F-11D3-BF4B-00C04F79EFBC}") = "quiu.core", "quiu.core\quiu.core.csproj", "{E462ACB5-0C8D-495B-8ADA-E34F07152418}"
EndProject
Project("{FAE04EC0-301F-11D3-BF4B-00C04F79EFBC}") = "quiu.tests", "quiu.tests\quiu.tests.csproj", "{A42C1E39-4870-4874-8E59-B3282C27EAE6}"
EndProject
Project("{FAE04EC0-301F-11D3-BF4B-00C04F79EFBC}") = "quiu.http", "quiu.http\quiu.http.csproj", "{818F9D49-F723-4B55-9308-B9A5E9B6C4D3}"
EndProject
Project("{FAE04EC0-301F-11D3-BF4B-00C04F79EFBC}") = "quiu.cli", "quiu.cli\quiu.cli.csproj", "{3C9DBB7B-6AB6-47BB-A7EB-6ED73DF1A86E}"
EndProject
Global
	GlobalSection(SolutionConfigurationPlatforms) = preSolution
		Debug|Any CPU = Debug|Any CPU
		Release|Any CPU = Release|Any CPU
	EndGlobalSection
	GlobalSection(ProjectConfigurationPlatforms) = postSolution
		{E462ACB5-0C8D-495B-8ADA-E34F07152418}.Debug|Any CPU.ActiveCfg = Debug|Any CPU
		{E462ACB5-0C8D-495B-8ADA-E34F07152418}.Debug|Any CPU.Build.0 = Debug|Any CPU
		{E462ACB5-0C8D-495B-8ADA-E34F07152418}.Release|Any CPU.ActiveCfg = Release|Any CPU
		{E462ACB5-0C8D-495B-8ADA-E34F07152418}.Release|Any CPU.Build.0 = Release|Any CPU
		{A42C1E39-4870-4874-8E59-B3282C27EAE6}.Debug|Any CPU.ActiveCfg = Debug|Any CPU
		{A42C1E39-4870-4874-8E59-B3282C27EAE6}.Debug|Any CPU.Build.0 = Debug|Any CPU
		{A42C1E39-4870-4874-8E59-B3282C27EAE6}.Release|Any CPU.ActiveCfg = Release|Any CPU
		{A42C1E39-4870-4874-8E59-B3282C27EAE6}.Release|Any CPU.Build.0 = Release|Any CPU
		{818F9D49-F723-4B55-9308-B9A5E9B6C4D3}.Debug|Any CPU.ActiveCfg = Debug|Any CPU
		{818F9D49-F723-4B55-9308-B9A5E9B6C4D3}.Debug|Any CPU.Build.0 = Debug|Any CPU
		{818F9D49-F723-4B55-9308-B9A5E9B6C4D3}.Release|Any CPU.ActiveCfg = Release|Any CPU
		{818F9D49-F723-4B55-9308-B9A5E9B6C4D3}.Release|Any CPU.Build.0 = Release|Any CPU
		{3C9DBB7B-6AB6-47BB-A7EB-6ED73DF1A86E}.Debug|Any CPU.ActiveCfg = Debug|Any CPU
		{3C9DBB7B-6AB6-47BB-A7EB-6ED73DF1A86E}.Debug|Any CPU.Build.0 = Debug|Any CPU
		{3C9DBB7B-6AB6-47BB-A7EB-6ED73DF1A86E}.Release|Any CPU.ActiveCfg = Release|Any CPU
		{3C9DBB7B-6AB6-47BB-A7EB-6ED73DF1A86E}.Release|Any CPU.Build.0 = Release|Any CPU
	EndGlobalSection
	GlobalSection(SolutionProperties) = preSolution
		HideSolutionNode = FALSE
	EndGlobalSection
	GlobalSection(ExtensibilityGlobals) = postSolution
		SolutionGuid = {0DAFD20E-0B36-4DE3-8042-F058195BD410}
	EndGlobalSection
EndGlobal
